
Microsoft Visual Studio Solution File, Format Version 12.00
# Visual Studio Version 17
VisualStudioVersion = 17.10.35027.167
MinimumVisualStudioVersion = 10.0.40219.1
Project("{FAE04EC0-301F-11D3-BF4B-00C04F79EFBC}") = "HospitalApp", "HospitalApp\HospitalApp.csproj", "{0D9CB876-E83B-4694-B4A1-A3C02026187F}"
EndProject
Global
	GlobalSection(SolutionConfigurationPlatforms) = preSolution
		Debug|Any CPU = Debug|Any CPU
		Release|Any CPU = Release|Any CPU
	EndGlobalSection
	GlobalSection(ProjectConfigurationPlatforms) = postSolution
		{0D9CB876-E83B-4694-B4A1-A3C02026187F}.Debug|Any CPU.ActiveCfg = Debug|Any CPU
		{0D9CB876-E83B-4694-B4A1-A3C02026187F}.Debug|Any CPU.Build.0 = Debug|Any CPU
		{0D9CB876-E83B-4694-B4A1-A3C02026187F}.Release|Any CPU.ActiveCfg = Release|Any CPU
		{0D9CB876-E83B-4694-B4A1-A3C02026187F}.Release|Any CPU.Build.0 = Release|Any CPU
	EndGlobalSection
	GlobalSection(SolutionProperties) = preSolution
		HideSolutionNode = FALSE
	EndGlobalSection
	GlobalSection(ExtensibilityGlobals) = postSolution
		SolutionGuid = {2B2EBE5C-40A3-481E-AD3C-C4A8FA14D718}
	EndGlobalSection
EndGlobal
